
Microsoft Visual Studio Solution File, Format Version 12.00
# Visual Studio Version 16
VisualStudioVersion = 16.0.30717.126
MinimumVisualStudioVersion = 10.0.40219.1
Project("{FAE04EC0-301F-11D3-BF4B-00C04F79EFBC}") = "TD3", "TD3.csproj", "{18CD39CE-0ACE-4638-921A-A073BB46EE4F}"
EndProject
Global
	GlobalSection(SolutionConfigurationPlatforms) = preSolution
		Debug|Any CPU = Debug|Any CPU
		Release|Any CPU = Release|Any CPU
	EndGlobalSection
	GlobalSection(ProjectConfigurationPlatforms) = postSolution
		{18CD39CE-0ACE-4638-921A-A073BB46EE4F}.Debug|Any CPU.ActiveCfg = Debug|Any CPU
		{18CD39CE-0ACE-4638-921A-A073BB46EE4F}.Debug|Any CPU.Build.0 = Debug|Any CPU
		{18CD39CE-0ACE-4638-921A-A073BB46EE4F}.Release|Any CPU.ActiveCfg = Release|Any CPU
		{18CD39CE-0ACE-4638-921A-A073BB46EE4F}.Release|Any CPU.Build.0 = Release|Any CPU
	EndGlobalSection
	GlobalSection(SolutionProperties) = preSolution
		HideSolutionNode = FALSE
	EndGlobalSection
	GlobalSection(ExtensibilityGlobals) = postSolution
		SolutionGuid = {87727BDF-54DD-4E3E-A194-C70311769B9E}
	EndGlobalSection
EndGlobal
